// !$*UTF8*$!
{
	archiveVersion = 1;
	classes = {
	};
	objectVersion = 46;
	objects = {

/* Begin PBXBuildFile section */
		01091FC41DE0BB03005018F7 /* AppDelegate.swift in Sources */ = {isa = PBXBuildFile; fileRef = 01091FC31DE0BB03005018F7 /* AppDelegate.swift */; };
		01091FC61DE0BB03005018F7 /* ViewController.swift in Sources */ = {isa = PBXBuildFile; fileRef = 01091FC51DE0BB03005018F7 /* ViewController.swift */; };
		01091FC91DE0BB03005018F7 /* Main.storyboard in Resources */ = {isa = PBXBuildFile; fileRef = 01091FC71DE0BB03005018F7 /* Main.storyboard */; };
		01091FCB1DE0BB03005018F7 /* Assets.xcassets in Resources */ = {isa = PBXBuildFile; fileRef = 01091FCA1DE0BB03005018F7 /* Assets.xcassets */; };
		01091FCE1DE0BB03005018F7 /* LaunchScreen.storyboard in Resources */ = {isa = PBXBuildFile; fileRef = 01091FCC1DE0BB03005018F7 /* LaunchScreen.storyboard */; };
		01091FD91DE0BB04005018F7 /* GlassdoorAppTests.swift in Sources */ = {isa = PBXBuildFile; fileRef = 01091FD81DE0BB04005018F7 /* GlassdoorAppTests.swift */; };
		389313B50DECF79E8C249F34 /* Pods_GlassdoorAppTests.framework in Frameworks */ = {isa = PBXBuildFile; fileRef = 8557C591862387C36DAB927D /* Pods_GlassdoorAppTests.framework */; };
		B787F05EFB7B0499A8B2F640 /* Pods_GlassdoorApp.framework in Frameworks */ = {isa = PBXBuildFile; fileRef = 9FFEA82EAA97D6CB36BAA6F2 /* Pods_GlassdoorApp.framework */; };
/* End PBXBuildFile section */

/* Begin PBXContainerItemProxy section */
		01091FD51DE0BB04005018F7 /* PBXContainerItemProxy */ = {
			isa = PBXContainerItemProxy;
			containerPortal = 01091FB81DE0BB03005018F7 /* Project object */;
			proxyType = 1;
			remoteGlobalIDString = 01091FBF1DE0BB03005018F7;
			remoteInfo = GlassdoorApp;
		};
/* End PBXContainerItemProxy section */

/* Begin PBXFileReference section */
		01091FC01DE0BB03005018F7 /* GlassdoorApp.app */ = {isa = PBXFileReference; explicitFileType = wrapper.application; includeInIndex = 0; path = GlassdoorApp.app; sourceTree = BUILT_PRODUCTS_DIR; };
		01091FC31DE0BB03005018F7 /* AppDelegate.swift */ = {isa = PBXFileReference; lastKnownFileType = sourcecode.swift; path = AppDelegate.swift; sourceTree = "<group>"; };
		01091FC51DE0BB03005018F7 /* ViewController.swift */ = {isa = PBXFileReference; lastKnownFileType = sourcecode.swift; path = ViewController.swift; sourceTree = "<group>"; };
		01091FC81DE0BB03005018F7 /* Base */ = {isa = PBXFileReference; lastKnownFileType = file.storyboard; name = Base; path = Base.lproj/Main.storyboard; sourceTree = "<group>"; };
		01091FCA1DE0BB03005018F7 /* Assets.xcassets */ = {isa = PBXFileReference; lastKnownFileType = folder.assetcatalog; path = Assets.xcassets; sourceTree = "<group>"; };
		01091FCD1DE0BB03005018F7 /* Base */ = {isa = PBXFileReference; lastKnownFileType = file.storyboard; name = Base; path = Base.lproj/LaunchScreen.storyboard; sourceTree = "<group>"; };
		01091FCF1DE0BB03005018F7 /* Info.plist */ = {isa = PBXFileReference; lastKnownFileType = text.plist.xml; path = Info.plist; sourceTree = "<group>"; };
		01091FD41DE0BB04005018F7 /* GlassdoorAppTests.xctest */ = {isa = PBXFileReference; explicitFileType = wrapper.cfbundle; includeInIndex = 0; path = GlassdoorAppTests.xctest; sourceTree = BUILT_PRODUCTS_DIR; };
		01091FD81DE0BB04005018F7 /* GlassdoorAppTests.swift */ = {isa = PBXFileReference; lastKnownFileType = sourcecode.swift; path = GlassdoorAppTests.swift; sourceTree = "<group>"; };
		01091FDA1DE0BB04005018F7 /* Info.plist */ = {isa = PBXFileReference; lastKnownFileType = text.plist.xml; path = Info.plist; sourceTree = "<group>"; };
		16F66C1AFF93882DAB0FAFD8 /* Pods-GlassdoorAppTests.debug.xcconfig */ = {isa = PBXFileReference; includeInIndex = 1; lastKnownFileType = text.xcconfig; name = "Pods-GlassdoorAppTests.debug.xcconfig"; path = "Pods/Target Support Files/Pods-GlassdoorAppTests/Pods-GlassdoorAppTests.debug.xcconfig"; sourceTree = "<group>"; };
		3AD9914BA45D616A4170420C /* Pods-GlassdoorApp.release.xcconfig */ = {isa = PBXFileReference; includeInIndex = 1; lastKnownFileType = text.xcconfig; name = "Pods-GlassdoorApp.release.xcconfig"; path = "Pods/Target Support Files/Pods-GlassdoorApp/Pods-GlassdoorApp.release.xcconfig"; sourceTree = "<group>"; };
		77A24E66A5EF4FDD50D22AEB /* Pods-GlassdoorApp.debug.xcconfig */ = {isa = PBXFileReference; includeInIndex = 1; lastKnownFileType = text.xcconfig; name = "Pods-GlassdoorApp.debug.xcconfig"; path = "Pods/Target Support Files/Pods-GlassdoorApp/Pods-GlassdoorApp.debug.xcconfig"; sourceTree = "<group>"; };
		8557C591862387C36DAB927D /* Pods_GlassdoorAppTests.framework */ = {isa = PBXFileReference; explicitFileType = wrapper.framework; includeInIndex = 0; path = Pods_GlassdoorAppTests.framework; sourceTree = BUILT_PRODUCTS_DIR; };
		9FFEA82EAA97D6CB36BAA6F2 /* Pods_GlassdoorApp.framework */ = {isa = PBXFileReference; explicitFileType = wrapper.framework; includeInIndex = 0; path = Pods_GlassdoorApp.framework; sourceTree = BUILT_PRODUCTS_DIR; };
		FF0C07DDB33CB34C8933257E /* Pods-GlassdoorAppTests.release.xcconfig */ = {isa = PBXFileReference; includeInIndex = 1; lastKnownFileType = text.xcconfig; name = "Pods-GlassdoorAppTests.release.xcconfig"; path = "Pods/Target Support Files/Pods-GlassdoorAppTests/Pods-GlassdoorAppTests.release.xcconfig"; sourceTree = "<group>"; };
/* End PBXFileReference section */

/* Begin PBXFrameworksBuildPhase section */
		01091FBD1DE0BB03005018F7 /* Frameworks */ = {
			isa = PBXFrameworksBuildPhase;
			buildActionMask = 2147483647;
			files = (
				B787F05EFB7B0499A8B2F640 /* Pods_GlassdoorApp.framework in Frameworks */,
			);
			runOnlyForDeploymentPostprocessing = 0;
		};
		01091FD11DE0BB04005018F7 /* Frameworks */ = {
			isa = PBXFrameworksBuildPhase;
			buildActionMask = 2147483647;
			files = (
				389313B50DECF79E8C249F34 /* Pods_GlassdoorAppTests.framework in Frameworks */,
			);
			runOnlyForDeploymentPostprocessing = 0;
		};
/* End PBXFrameworksBuildPhase section */

/* Begin PBXGroup section */
		01091FB71DE0BB03005018F7 = {
			isa = PBXGroup;
			children = (
				01091FC21DE0BB03005018F7 /* GlassdoorApp */,
				01091FD71DE0BB04005018F7 /* GlassdoorAppTests */,
				01091FC11DE0BB03005018F7 /* Products */,
				37B96AF80C7F09DBAE4E9B3B /* Pods */,
				A2EB179C7142BAB65050273D /* Frameworks */,
			);
			sourceTree = "<group>";
		};
		01091FC11DE0BB03005018F7 /* Products */ = {
			isa = PBXGroup;
			children = (
				01091FC01DE0BB03005018F7 /* GlassdoorApp.app */,
				01091FD41DE0BB04005018F7 /* GlassdoorAppTests.xctest */,
			);
			name = Products;
			sourceTree = "<group>";
		};
		01091FC21DE0BB03005018F7 /* GlassdoorApp */ = {
			isa = PBXGroup;
			children = (
				01091FC31DE0BB03005018F7 /* AppDelegate.swift */,
				01091FC51DE0BB03005018F7 /* ViewController.swift */,
				01091FC71DE0BB03005018F7 /* Main.storyboard */,
				01091FCA1DE0BB03005018F7 /* Assets.xcassets */,
				01091FCC1DE0BB03005018F7 /* LaunchScreen.storyboard */,
				01091FCF1DE0BB03005018F7 /* Info.plist */,
			);
			path = GlassdoorApp;
			sourceTree = "<group>";
		};
		01091FD71DE0BB04005018F7 /* GlassdoorAppTests */ = {
			isa = PBXGroup;
			children = (
				01091FD81DE0BB04005018F7 /* GlassdoorAppTests.swift */,
				01091FDA1DE0BB04005018F7 /* Info.plist */,
			);
			path = GlassdoorAppTests;
			sourceTree = "<group>";
		};
		37B96AF80C7F09DBAE4E9B3B /* Pods */ = {
			isa = PBXGroup;
			children = (
				77A24E66A5EF4FDD50D22AEB /* Pods-GlassdoorApp.debug.xcconfig */,
				3AD9914BA45D616A4170420C /* Pods-GlassdoorApp.release.xcconfig */,
				16F66C1AFF93882DAB0FAFD8 /* Pods-GlassdoorAppTests.debug.xcconfig */,
				FF0C07DDB33CB34C8933257E /* Pods-GlassdoorAppTests.release.xcconfig */,
			);
			name = Pods;
			sourceTree = "<group>";
		};
		A2EB179C7142BAB65050273D /* Frameworks */ = {
			isa = PBXGroup;
			children = (
				9FFEA82EAA97D6CB36BAA6F2 /* Pods_GlassdoorApp.framework */,
				8557C591862387C36DAB927D /* Pods_GlassdoorAppTests.framework */,
			);
			name = Frameworks;
			sourceTree = "<group>";
		};
/* End PBXGroup section */

/* Begin PBXNativeTarget section */
		01091FBF1DE0BB03005018F7 /* GlassdoorApp */ = {
			isa = PBXNativeTarget;
			buildConfigurationList = 01091FDD1DE0BB04005018F7 /* Build configuration list for PBXNativeTarget "GlassdoorApp" */;
			buildPhases = (
				CB5F41B8403E76F49C8206E1 /* [CP] Check Pods Manifest.lock */,
				01091FBC1DE0BB03005018F7 /* Sources */,
				01091FBD1DE0BB03005018F7 /* Frameworks */,
				01091FBE1DE0BB03005018F7 /* Resources */,
				75552170CF1FAA564DB70AA4 /* [CP] Embed Pods Frameworks */,
				28AF02F280A1EE95259B1E1E /* [CP] Copy Pods Resources */,
			);
			buildRules = (
			);
			dependencies = (
			);
			name = GlassdoorApp;
			productName = GlassdoorApp;
			productReference = 01091FC01DE0BB03005018F7 /* GlassdoorApp.app */;
			productType = "com.apple.product-type.application";
		};
		01091FD31DE0BB04005018F7 /* GlassdoorAppTests */ = {
			isa = PBXNativeTarget;
			buildConfigurationList = 01091FE01DE0BB04005018F7 /* Build configuration list for PBXNativeTarget "GlassdoorAppTests" */;
			buildPhases = (
				43C9B43BC9EF14ADFE6801A8 /* [CP] Check Pods Manifest.lock */,
				01091FD01DE0BB04005018F7 /* Sources */,
				01091FD11DE0BB04005018F7 /* Frameworks */,
				01091FD21DE0BB04005018F7 /* Resources */,
				3BFE8C01022FA7CFC3CD6A49 /* [CP] Embed Pods Frameworks */,
				FF1E9AB07AA3F9C4042165A1 /* [CP] Copy Pods Resources */,
			);
			buildRules = (
			);
			dependencies = (
				01091FD61DE0BB04005018F7 /* PBXTargetDependency */,
			);
			name = GlassdoorAppTests;
			productName = GlassdoorAppTests;
			productReference = 01091FD41DE0BB04005018F7 /* GlassdoorAppTests.xctest */;
			productType = "com.apple.product-type.bundle.unit-test";
		};
/* End PBXNativeTarget section */

/* Begin PBXProject section */
		01091FB81DE0BB03005018F7 /* Project object */ = {
			isa = PBXProject;
			attributes = {
				LastSwiftUpdateCheck = 0800;
				LastUpgradeCheck = 0800;
				ORGANIZATIONNAME = "Scott Richards";
				TargetAttributes = {
					01091FBF1DE0BB03005018F7 = {
						CreatedOnToolsVersion = 8.0;
						DevelopmentTeam = KCL29RH4A8;
						LastSwiftMigration = 0810;
						ProvisioningStyle = Automatic;
					};
					01091FD31DE0BB04005018F7 = {
						CreatedOnToolsVersion = 8.0;
						DevelopmentTeam = KCL29RH4A8;
						LastSwiftMigration = 0810;
						ProvisioningStyle = Automatic;
						TestTargetID = 01091FBF1DE0BB03005018F7;
					};
				};
			};
			buildConfigurationList = 01091FBB1DE0BB03005018F7 /* Build configuration list for PBXProject "GlassdoorApp" */;
			compatibilityVersion = "Xcode 3.2";
			developmentRegion = English;
			hasScannedForEncodings = 0;
			knownRegions = (
				en,
				Base,
			);
			mainGroup = 01091FB71DE0BB03005018F7;
			productRefGroup = 01091FC11DE0BB03005018F7 /* Products */;
			projectDirPath = "";
			projectRoot = "";
			targets = (
				01091FBF1DE0BB03005018F7 /* GlassdoorApp */,
				01091FD31DE0BB04005018F7 /* GlassdoorAppTests */,
			);
		};
/* End PBXProject section */

/* Begin PBXResourcesBuildPhase section */
		01091FBE1DE0BB03005018F7 /* Resources */ = {
			isa = PBXResourcesBuildPhase;
			buildActionMask = 2147483647;
			files = (
				01091FCE1DE0BB03005018F7 /* LaunchScreen.storyboard in Resources */,
				01091FCB1DE0BB03005018F7 /* Assets.xcassets in Resources */,
				01091FC91DE0BB03005018F7 /* Main.storyboard in Resources */,
			);
			runOnlyForDeploymentPostprocessing = 0;
		};
		01091FD21DE0BB04005018F7 /* Resources */ = {
			isa = PBXResourcesBuildPhase;
			buildActionMask = 2147483647;
			files = (
			);
			runOnlyForDeploymentPostprocessing = 0;
		};
/* End PBXResourcesBuildPhase section */

/* Begin PBXShellScriptBuildPhase section */
		28AF02F280A1EE95259B1E1E /* [CP] Copy Pods Resources */ = {
			isa = PBXShellScriptBuildPhase;
			buildActionMask = 2147483647;
			files = (
			);
			inputPaths = (
			);
			name = "[CP] Copy Pods Resources";
			outputPaths = (
			);
			runOnlyForDeploymentPostprocessing = 0;
			shellPath = /bin/sh;
			shellScript = "\"${SRCROOT}/Pods/Target Support Files/Pods-GlassdoorApp/Pods-GlassdoorApp-resources.sh\"\n";
			showEnvVarsInLog = 0;
		};
		3BFE8C01022FA7CFC3CD6A49 /* [CP] Embed Pods Frameworks */ = {
			isa = PBXShellScriptBuildPhase;
			buildActionMask = 2147483647;
			files = (
			);
			inputPaths = (
			);
			name = "[CP] Embed Pods Frameworks";
			outputPaths = (
			);
			runOnlyForDeploymentPostprocessing = 0;
			shellPath = /bin/sh;
			shellScript = "\"${SRCROOT}/Pods/Target Support Files/Pods-GlassdoorAppTests/Pods-GlassdoorAppTests-frameworks.sh\"\n";
			showEnvVarsInLog = 0;
		};
		43C9B43BC9EF14ADFE6801A8 /* [CP] Check Pods Manifest.lock */ = {
			isa = PBXShellScriptBuildPhase;
			buildActionMask = 2147483647;
			files = (
			);
			inputPaths = (
			);
			name = "[CP] Check Pods Manifest.lock";
			outputPaths = (
			);
			runOnlyForDeploymentPostprocessing = 0;
			shellPath = /bin/sh;
			shellScript = "diff \"${PODS_ROOT}/../Podfile.lock\" \"${PODS_ROOT}/Manifest.lock\" > /dev/null\nif [[ $? != 0 ]] ; then\n    cat << EOM\nerror: The sandbox is not in sync with the Podfile.lock. Run 'pod install' or update your CocoaPods installation.\nEOM\n    exit 1\nfi\n";
			showEnvVarsInLog = 0;
		};
		75552170CF1FAA564DB70AA4 /* [CP] Embed Pods Frameworks */ = {
			isa = PBXShellScriptBuildPhase;
			buildActionMask = 2147483647;
			files = (
			);
			inputPaths = (
			);
			name = "[CP] Embed Pods Frameworks";
			outputPaths = (
			);
			runOnlyForDeploymentPostprocessing = 0;
			shellPath = /bin/sh;
			shellScript = "\"${SRCROOT}/Pods/Target Support Files/Pods-GlassdoorApp/Pods-GlassdoorApp-frameworks.sh\"\n";
			showEnvVarsInLog = 0;
		};
		CB5F41B8403E76F49C8206E1 /* [CP] Check Pods Manifest.lock */ = {
			isa = PBXShellScriptBuildPhase;
			buildActionMask = 2147483647;
			files = (
			);
			inputPaths = (
			);
			name = "[CP] Check Pods Manifest.lock";
			outputPaths = (
			);
			runOnlyForDeploymentPostprocessing = 0;
			shellPath = /bin/sh;
			shellScript = "diff \"${PODS_ROOT}/../Podfile.lock\" \"${PODS_ROOT}/Manifest.lock\" > /dev/null\nif [[ $? != 0 ]] ; then\n    cat << EOM\nerror: The sandbox is not in sync with the Podfile.lock. Run 'pod install' or update your CocoaPods installation.\nEOM\n    exit 1\nfi\n";
			showEnvVarsInLog = 0;
		};
		FF1E9AB07AA3F9C4042165A1 /* [CP] Copy Pods Resources */ = {
			isa = PBXShellScriptBuildPhase;
			buildActionMask = 2147483647;
			files = (
			);
			inputPaths = (
			);
			name = "[CP] Copy Pods Resources";
			outputPaths = (
			);
			runOnlyForDeploymentPostprocessing = 0;
			shellPath = /bin/sh;
			shellScript = "\"${SRCROOT}/Pods/Target Support Files/Pods-GlassdoorAppTests/Pods-GlassdoorAppTests-resources.sh\"\n";
			showEnvVarsInLog = 0;
		};
/* End PBXShellScriptBuildPhase section */

/* Begin PBXSourcesBuildPhase section */
		01091FBC1DE0BB03005018F7 /* Sources */ = {
			isa = PBXSourcesBuildPhase;
			buildActionMask = 2147483647;
			files = (
				01091FC61DE0BB03005018F7 /* ViewController.swift in Sources */,
				01091FC41DE0BB03005018F7 /* AppDelegate.swift in Sources */,
			);
			runOnlyForDeploymentPostprocessing = 0;
		};
		01091FD01DE0BB04005018F7 /* Sources */ = {
			isa = PBXSourcesBuildPhase;
			buildActionMask = 2147483647;
			files = (
				01091FD91DE0BB04005018F7 /* GlassdoorAppTests.swift in Sources */,
			);
			runOnlyForDeploymentPostprocessing = 0;
		};
/* End PBXSourcesBuildPhase section */

/* Begin PBXTargetDependency section */
		01091FD61DE0BB04005018F7 /* PBXTargetDependency */ = {
			isa = PBXTargetDependency;
			target = 01091FBF1DE0BB03005018F7 /* GlassdoorApp */;
			targetProxy = 01091FD51DE0BB04005018F7 /* PBXContainerItemProxy */;
		};
/* End PBXTargetDependency section */

/* Begin PBXVariantGroup section */
		01091FC71DE0BB03005018F7 /* Main.storyboard */ = {
			isa = PBXVariantGroup;
			children = (
				01091FC81DE0BB03005018F7 /* Base */,
			);
			name = Main.storyboard;
			sourceTree = "<group>";
		};
		01091FCC1DE0BB03005018F7 /* LaunchScreen.storyboard */ = {
			isa = PBXVariantGroup;
			children = (
				01091FCD1DE0BB03005018F7 /* Base */,
			);
			name = LaunchScreen.storyboard;
			sourceTree = "<group>";
		};
/* End PBXVariantGroup section */

/* Begin XCBuildConfiguration section */
		01091FDB1DE0BB04005018F7 /* Debug */ = {
			isa = XCBuildConfiguration;
			buildSettings = {
				ALWAYS_SEARCH_USER_PATHS = NO;
				CLANG_ANALYZER_NONNULL = YES;
				CLANG_CXX_LANGUAGE_STANDARD = "gnu++0x";
				CLANG_CXX_LIBRARY = "libc++";
				CLANG_ENABLE_MODULES = YES;
				CLANG_ENABLE_OBJC_ARC = YES;
				CLANG_WARN_BOOL_CONVERSION = YES;
				CLANG_WARN_CONSTANT_CONVERSION = YES;
				CLANG_WARN_DIRECT_OBJC_ISA_USAGE = YES_ERROR;
				CLANG_WARN_DOCUMENTATION_COMMENTS = YES;
				CLANG_WARN_EMPTY_BODY = YES;
				CLANG_WARN_ENUM_CONVERSION = YES;
				CLANG_WARN_INFINITE_RECURSION = YES;
				CLANG_WARN_INT_CONVERSION = YES;
				CLANG_WARN_OBJC_ROOT_CLASS = YES_ERROR;
				CLANG_WARN_SUSPICIOUS_MOVES = YES;
				CLANG_WARN_UNREACHABLE_CODE = YES;
				CLANG_WARN__DUPLICATE_METHOD_MATCH = YES;
				"CODE_SIGN_IDENTITY[sdk=iphoneos*]" = "iPhone Developer";
				COPY_PHASE_STRIP = NO;
				DEBUG_INFORMATION_FORMAT = dwarf;
				ENABLE_STRICT_OBJC_MSGSEND = YES;
				ENABLE_TESTABILITY = YES;
				GCC_C_LANGUAGE_STANDARD = gnu99;
				GCC_DYNAMIC_NO_PIC = NO;
				GCC_NO_COMMON_BLOCKS = YES;
				GCC_OPTIMIZATION_LEVEL = 0;
				GCC_PREPROCESSOR_DEFINITIONS = (
					"DEBUG=1",
					"$(inherited)",
				);
				GCC_WARN_64_TO_32_BIT_CONVERSION = YES;
				GCC_WARN_ABOUT_RETURN_TYPE = YES_ERROR;
				GCC_WARN_UNDECLARED_SELECTOR = YES;
				GCC_WARN_UNINITIALIZED_AUTOS = YES_AGGRESSIVE;
				GCC_WARN_UNUSED_FUNCTION = YES;
				GCC_WARN_UNUSED_VARIABLE = YES;
				IPHONEOS_DEPLOYMENT_TARGET = 10.0;
				MTL_ENABLE_DEBUG_INFO = YES;
				ONLY_ACTIVE_ARCH = YES;
				SDKROOT = iphoneos;
				SWIFT_ACTIVE_COMPILATION_CONDITIONS = DEBUG;
				SWIFT_OPTIMIZATION_LEVEL = "-Onone";
				TARGETED_DEVICE_FAMILY = "1,2";
			};
			name = Debug;
		};
		01091FDC1DE0BB04005018F7 /* Release */ = {
			isa = XCBuildConfiguration;
			buildSettings = {
				ALWAYS_SEARCH_USER_PATHS = NO;
				CLANG_ANALYZER_NONNULL = YES;
				CLANG_CXX_LANGUAGE_STANDARD = "gnu++0x";
				CLANG_CXX_LIBRARY = "libc++";
				CLANG_ENABLE_MODULES = YES;
				CLANG_ENABLE_OBJC_ARC = YES;
				CLANG_WARN_BOOL_CONVERSION = YES;
				CLANG_WARN_CONSTANT_CONVERSION = YES;
				CLANG_WARN_DIRECT_OBJC_ISA_USAGE = YES_ERROR;
				CLANG_WARN_DOCUMENTATION_COMMENTS = YES;
				CLANG_WARN_EMPTY_BODY = YES;
				CLANG_WARN_ENUM_CONVERSION = YES;
				CLANG_WARN_INFINITE_RECURSION = YES;
				CLANG_WARN_INT_CONVERSION = YES;
				CLANG_WARN_OBJC_ROOT_CLASS = YES_ERROR;
				CLANG_WARN_SUSPICIOUS_MOVES = YES;
				CLANG_WARN_UNREACHABLE_CODE = YES;
				CLANG_WARN__DUPLICATE_METHOD_MATCH = YES;
				"CODE_SIGN_IDENTITY[sdk=iphoneos*]" = "iPhone Developer";
				COPY_PHASE_STRIP = NO;
				DEBUG_INFORMATION_FORMAT = "dwarf-with-dsym";
				ENABLE_NS_ASSERTIONS = NO;
				ENABLE_STRICT_OBJC_MSGSEND = YES;
				GCC_C_LANGUAGE_STANDARD = gnu99;
				GCC_NO_COMMON_BLOCKS = YES;
				GCC_WARN_64_TO_32_BIT_CONVERSION = YES;
				GCC_WARN_ABOUT_RETURN_TYPE = YES_ERROR;
				GCC_WARN_UNDECLARED_SELECTOR = YES;
				GCC_WARN_UNINITIALIZED_AUTOS = YES_AGGRESSIVE;
				GCC_WARN_UNUSED_FUNCTION = YES;
				GCC_WARN_UNUSED_VARIABLE = YES;
				IPHONEOS_DEPLOYMENT_TARGET = 10.0;
				MTL_ENABLE_DEBUG_INFO = NO;
				SDKROOT = iphoneos;
				SWIFT_OPTIMIZATION_LEVEL = "-Owholemodule";
				TARGETED_DEVICE_FAMILY = "1,2";
				VALIDATE_PRODUCT = YES;
			};
			name = Release;
		};
		01091FDE1DE0BB04005018F7 /* Debug */ = {
			isa = XCBuildConfiguration;
			baseConfigurationReference = 77A24E66A5EF4FDD50D22AEB /* Pods-GlassdoorApp.debug.xcconfig */;
			buildSettings = {
				ASSETCATALOG_COMPILER_APPICON_NAME = AppIcon;
				DEVELOPMENT_TEAM = KCL29RH4A8;
				INFOPLIST_FILE = GlassdoorApp/Info.plist;
				LD_RUNPATH_SEARCH_PATHS = "$(inherited) @executable_path/Frameworks";
				PRODUCT_BUNDLE_IDENTIFIER = BitWyze.GlassdoorApp;
				PRODUCT_NAME = "$(TARGET_NAME)";
				SWIFT_VERSION = 3.0;
			};
			name = Debug;
		};
		01091FDF1DE0BB04005018F7 /* Release */ = {
			isa = XCBuildConfiguration;
			baseConfigurationReference = 3AD9914BA45D616A4170420C /* Pods-GlassdoorApp.release.xcconfig */;
			buildSettings = {
				ASSETCATALOG_COMPILER_APPICON_NAME = AppIcon;
				DEVELOPMENT_TEAM = KCL29RH4A8;
				INFOPLIST_FILE = GlassdoorApp/Info.plist;
				LD_RUNPATH_SEARCH_PATHS = "$(inherited) @executable_path/Frameworks";
				PRODUCT_BUNDLE_IDENTIFIER = BitWyze.GlassdoorApp;
				PRODUCT_NAME = "$(TARGET_NAME)";
				SWIFT_VERSION = 3.0;
			};
			name = Release;
		};
		01091FE11DE0BB04005018F7 /* Debug */ = {
			isa = XCBuildConfiguration;
			baseConfigurationReference = 16F66C1AFF93882DAB0FAFD8 /* Pods-GlassdoorAppTests.debug.xcconfig */;
			buildSettings = {
				ALWAYS_EMBED_SWIFT_STANDARD_LIBRARIES = YES;
				BUNDLE_LOADER = "$(TEST_HOST)";
				DEVELOPMENT_TEAM = KCL29RH4A8;
				INFOPLIST_FILE = GlassdoorAppTests/Info.plist;
				LD_RUNPATH_SEARCH_PATHS = "$(inherited) @executable_path/Frameworks @loader_path/Frameworks";
				PRODUCT_BUNDLE_IDENTIFIER = BitWyze.GlassdoorAppTests;
				PRODUCT_NAME = "$(TARGET_NAME)";
				SWIFT_VERSION = 3.0;
				TEST_HOST = "$(BUILT_PRODUCTS_DIR)/GlassdoorApp.app/GlassdoorApp";
			};
			name = Debug;
		};
		01091FE21DE0BB04005018F7 /* Release */ = {
			isa = XCBuildConfiguration;
			baseConfigurationReference = FF0C07DDB33CB34C8933257E /* Pods-GlassdoorAppTests.release.xcconfig */;
			buildSettings = {
				ALWAYS_EMBED_SWIFT_STANDARD_LIBRARIES = YES;
				BUNDLE_LOADER = "$(TEST_HOST)";
				DEVELOPMENT_TEAM = KCL29RH4A8;
				INFOPLIST_FILE = GlassdoorAppTests/Info.plist;
				LD_RUNPATH_SEARCH_PATHS = "$(inherited) @executable_path/Frameworks @loader_path/Frameworks";
				PRODUCT_BUNDLE_IDENTIFIER = BitWyze.GlassdoorAppTests;
				PRODUCT_NAME = "$(TARGET_NAME)";
				SWIFT_VERSION = 3.0;
				TEST_HOST = "$(BUILT_PRODUCTS_DIR)/GlassdoorApp.app/GlassdoorApp";
			};
			name = Release;
		};
/* End XCBuildConfiguration section */

/* Begin XCConfigurationList section */
		01091FBB1DE0BB03005018F7 /* Build configuration list for PBXProject "GlassdoorApp" */ = {
			isa = XCConfigurationList;
			buildConfigurations = (
				01091FDB1DE0BB04005018F7 /* Debug */,
				01091FDC1DE0BB04005018F7 /* Release */,
			);
			defaultConfigurationIsVisible = 0;
			defaultConfigurationName = Release;
		};
		01091FDD1DE0BB04005018F7 /* Build configuration list for PBXNativeTarget "GlassdoorApp" */ = {
			isa = XCConfigurationList;
			buildConfigurations = (
				01091FDE1DE0BB04005018F7 /* Debug */,
				01091FDF1DE0BB04005018F7 /* Release */,
			);
			defaultConfigurationIsVisible = 0;
			defaultConfigurationName = Release;
		};
		01091FE01DE0BB04005018F7 /* Build configuration list for PBXNativeTarget "GlassdoorAppTests" */ = {
			isa = XCConfigurationList;
			buildConfigurations = (
				01091FE11DE0BB04005018F7 /* Debug */,
				01091FE21DE0BB04005018F7 /* Release */,
			);
			defaultConfigurationIsVisible = 0;
			defaultConfigurationName = Release;
		};
/* End XCConfigurationList section */
	};
	rootObject = 01091FB81DE0BB03005018F7 /* Project object */;
}
